
Microsoft Visual Studio Solution File, Format Version 12.00
# Visual Studio Version 17
VisualStudioVersion = 17.12.35707.178
MinimumVisualStudioVersion = 10.0.40219.1
Project("{FAE04EC0-301F-11D3-BF4B-00C04F79EFBC}") = "task1", "task1\task1.csproj", "{EAA9A5B2-E1AF-447C-88DC-98E0AC94632F}"
EndProject
Project("{FAE04EC0-301F-11D3-BF4B-00C04F79EFBC}") = "task2", "task2\task2.csproj", "{FEB5F0C5-3D0D-4582-B706-80B4876B2BD1}"
EndProject
Project("{FAE04EC0-301F-11D3-BF4B-00C04F79EFBC}") = "task3", "task3\task3.csproj", "{FC16611E-BD7E-49B6-8D6D-FFC1C164751C}"
EndProject
Project("{FAE04EC0-301F-11D3-BF4B-00C04F79EFBC}") = "task4", "task4\task4.csproj", "{52071A24-7808-4319-AAC2-49451A8913D8}"
EndProject
Project("{FAE04EC0-301F-11D3-BF4B-00C04F79EFBC}") = "task5", "task5\task5.csproj", "{D355F997-9564-4154-8DFA-33B00B816107}"
EndProject
Project("{FAE04EC0-301F-11D3-BF4B-00C04F79EFBC}") = "task6", "Task1(OOPS)\task6.csproj", "{BC043CF1-7FED-4AB4-9356-0F2E1397882B}"
EndProject
Project("{FAE04EC0-301F-11D3-BF4B-00C04F79EFBC}") = "task7", "task7\task7.csproj", "{A9A2E89F-1F60-464B-9DAE-1C2843AA0366}"
EndProject
Project("{FAE04EC0-301F-11D3-BF4B-00C04F79EFBC}") = "task8", "task8\task8.csproj", "{E7F04CA2-ABB0-4D51-8E5D-DC6862E24531}"
EndProject
Project("{FAE04EC0-301F-11D3-BF4B-00C04F79EFBC}") = "Linq_1", "Linq_1\Linq_1.csproj", "{1079609A-7535-4DCA-980F-F926188EF400}"
EndProject
Project("{FAE04EC0-301F-11D3-BF4B-00C04F79EFBC}") = "linq_2", "linq_2\linq_2.csproj", "{4B8D934C-22AB-4B8C-943E-F572C81E718F}"
EndProject
Global
	GlobalSection(SolutionConfigurationPlatforms) = preSolution
		Debug|Any CPU = Debug|Any CPU
		Release|Any CPU = Release|Any CPU
	EndGlobalSection
	GlobalSection(ProjectConfigurationPlatforms) = postSolution
		{EAA9A5B2-E1AF-447C-88DC-98E0AC94632F}.Debug|Any CPU.ActiveCfg = Debug|Any CPU
		{EAA9A5B2-E1AF-447C-88DC-98E0AC94632F}.Debug|Any CPU.Build.0 = Debug|Any CPU
		{EAA9A5B2-E1AF-447C-88DC-98E0AC94632F}.Release|Any CPU.ActiveCfg = Release|Any CPU
		{EAA9A5B2-E1AF-447C-88DC-98E0AC94632F}.Release|Any CPU.Build.0 = Release|Any CPU
		{FEB5F0C5-3D0D-4582-B706-80B4876B2BD1}.Debug|Any CPU.ActiveCfg = Debug|Any CPU
		{FEB5F0C5-3D0D-4582-B706-80B4876B2BD1}.Debug|Any CPU.Build.0 = Debug|Any CPU
		{FEB5F0C5-3D0D-4582-B706-80B4876B2BD1}.Release|Any CPU.ActiveCfg = Release|Any CPU
		{FEB5F0C5-3D0D-4582-B706-80B4876B2BD1}.Release|Any CPU.Build.0 = Release|Any CPU
		{FC16611E-BD7E-49B6-8D6D-FFC1C164751C}.Debug|Any CPU.ActiveCfg = Debug|Any CPU
		{FC16611E-BD7E-49B6-8D6D-FFC1C164751C}.Debug|Any CPU.Build.0 = Debug|Any CPU
		{FC16611E-BD7E-49B6-8D6D-FFC1C164751C}.Release|Any CPU.ActiveCfg = Release|Any CPU
		{FC16611E-BD7E-49B6-8D6D-FFC1C164751C}.Release|Any CPU.Build.0 = Release|Any CPU
		{52071A24-7808-4319-AAC2-49451A8913D8}.Debug|Any CPU.ActiveCfg = Debug|Any CPU
		{52071A24-7808-4319-AAC2-49451A8913D8}.Debug|Any CPU.Build.0 = Debug|Any CPU
		{52071A24-7808-4319-AAC2-49451A8913D8}.Release|Any CPU.ActiveCfg = Release|Any CPU
		{52071A24-7808-4319-AAC2-49451A8913D8}.Release|Any CPU.Build.0 = Release|Any CPU
		{D355F997-9564-4154-8DFA-33B00B816107}.Debug|Any CPU.ActiveCfg = Debug|Any CPU
		{D355F997-9564-4154-8DFA-33B00B816107}.Debug|Any CPU.Build.0 = Debug|Any CPU
		{D355F997-9564-4154-8DFA-33B00B816107}.Release|Any CPU.ActiveCfg = Release|Any CPU
		{D355F997-9564-4154-8DFA-33B00B816107}.Release|Any CPU.Build.0 = Release|Any CPU
		{BC043CF1-7FED-4AB4-9356-0F2E1397882B}.Debug|Any CPU.ActiveCfg = Debug|Any CPU
		{BC043CF1-7FED-4AB4-9356-0F2E1397882B}.Debug|Any CPU.Build.0 = Debug|Any CPU
		{BC043CF1-7FED-4AB4-9356-0F2E1397882B}.Release|Any CPU.ActiveCfg = Release|Any CPU
		{BC043CF1-7FED-4AB4-9356-0F2E1397882B}.Release|Any CPU.Build.0 = Release|Any CPU
		{A9A2E89F-1F60-464B-9DAE-1C2843AA0366}.Debug|Any CPU.ActiveCfg = Debug|Any CPU
		{A9A2E89F-1F60-464B-9DAE-1C2843AA0366}.Debug|Any CPU.Build.0 = Debug|Any CPU
		{A9A2E89F-1F60-464B-9DAE-1C2843AA0366}.Release|Any CPU.ActiveCfg = Release|Any CPU
		{A9A2E89F-1F60-464B-9DAE-1C2843AA0366}.Release|Any CPU.Build.0 = Release|Any CPU
		{E7F04CA2-ABB0-4D51-8E5D-DC6862E24531}.Debug|Any CPU.ActiveCfg = Debug|Any CPU
		{E7F04CA2-ABB0-4D51-8E5D-DC6862E24531}.Debug|Any CPU.Build.0 = Debug|Any CPU
		{E7F04CA2-ABB0-4D51-8E5D-DC6862E24531}.Release|Any CPU.ActiveCfg = Release|Any CPU
		{E7F04CA2-ABB0-4D51-8E5D-DC6862E24531}.Release|Any CPU.Build.0 = Release|Any CPU
		{1079609A-7535-4DCA-980F-F926188EF400}.Debug|Any CPU.ActiveCfg = Debug|Any CPU
		{1079609A-7535-4DCA-980F-F926188EF400}.Debug|Any CPU.Build.0 = Debug|Any CPU
		{1079609A-7535-4DCA-980F-F926188EF400}.Release|Any CPU.ActiveCfg = Release|Any CPU
		{1079609A-7535-4DCA-980F-F926188EF400}.Release|Any CPU.Build.0 = Release|Any CPU
		{4B8D934C-22AB-4B8C-943E-F572C81E718F}.Debug|Any CPU.ActiveCfg = Debug|Any CPU
		{4B8D934C-22AB-4B8C-943E-F572C81E718F}.Debug|Any CPU.Build.0 = Debug|Any CPU
		{4B8D934C-22AB-4B8C-943E-F572C81E718F}.Release|Any CPU.ActiveCfg = Release|Any CPU
		{4B8D934C-22AB-4B8C-943E-F572C81E718F}.Release|Any CPU.Build.0 = Release|Any CPU
	EndGlobalSection
	GlobalSection(SolutionProperties) = preSolution
		HideSolutionNode = FALSE
	EndGlobalSection
EndGlobal
